
Microsoft Visual Studio Solution File, Format Version 12.00
# Visual Studio Version 16
VisualStudioVersion = 16.0.30804.86
MinimumVisualStudioVersion = 10.0.40219.1
Project("{FAE04EC0-301F-11D3-BF4B-00C04F79EFBC}") = "MicroOrm.Pocos.SqlGenerator.Core", "MicroOrm.Pocos.SqlGenerator.Core\MicroOrm.Pocos.SqlGenerator.Core.csproj", "{DA65933C-76D7-4755-8C1B-64920D9BF25E}"
EndProject
Global
	GlobalSection(SolutionConfigurationPlatforms) = preSolution
		Debug|Any CPU = Debug|Any CPU
		Release|Any CPU = Release|Any CPU
	EndGlobalSection
	GlobalSection(ProjectConfigurationPlatforms) = postSolution
		{DA65933C-76D7-4755-8C1B-64920D9BF25E}.Debug|Any CPU.ActiveCfg = Debug|Any CPU
		{DA65933C-76D7-4755-8C1B-64920D9BF25E}.Debug|Any CPU.Build.0 = Debug|Any CPU
		{DA65933C-76D7-4755-8C1B-64920D9BF25E}.Release|Any CPU.ActiveCfg = Release|Any CPU
		{DA65933C-76D7-4755-8C1B-64920D9BF25E}.Release|Any CPU.Build.0 = Release|Any CPU
	EndGlobalSection
	GlobalSection(SolutionProperties) = preSolution
		HideSolutionNode = FALSE
	EndGlobalSection
	GlobalSection(ExtensibilityGlobals) = postSolution
		SolutionGuid = {FE8C80D1-51C3-4DB4-A70E-037ECDEE58A7}
	EndGlobalSection
EndGlobal
